
Microsoft Visual Studio Solution File, Format Version 12.00
# Visual Studio Version 17
VisualStudioVersion = 17.2.32516.85
MinimumVisualStudioVersion = 10.0.40219.1
Project("{FAE04EC0-301F-11D3-BF4B-00C04F79EFBC}") = "Template", "Template\Template.csproj", "{D7BBD4B5-74D4-4239-9E04-061C54909359}"
EndProject
Global
	GlobalSection(SolutionConfigurationPlatforms) = preSolution
		Debug|Any CPU = Debug|Any CPU
		Release|Any CPU = Release|Any CPU
	EndGlobalSection
	GlobalSection(ProjectConfigurationPlatforms) = postSolution
		{D7BBD4B5-74D4-4239-9E04-061C54909359}.Debug|Any CPU.ActiveCfg = Debug|Any CPU
		{D7BBD4B5-74D4-4239-9E04-061C54909359}.Debug|Any CPU.Build.0 = Debug|Any CPU
		{D7BBD4B5-74D4-4239-9E04-061C54909359}.Release|Any CPU.ActiveCfg = Release|Any CPU
		{D7BBD4B5-74D4-4239-9E04-061C54909359}.Release|Any CPU.Build.0 = Release|Any CPU
	EndGlobalSection
	GlobalSection(SolutionProperties) = preSolution
		HideSolutionNode = FALSE
	EndGlobalSection
	GlobalSection(ExtensibilityGlobals) = postSolution
		SolutionGuid = {6F05EFF6-7C0B-4851-8B3F-D8A60A59B498}
	EndGlobalSection
EndGlobal
